
Microsoft Visual Studio Solution File, Format Version 11.00
# Visual C++ Express 2010
Project("{8BC9CEB8-8B4A-11D0-8D11-00A0C91BC942}") = "Snom32ms", "Snom32ms.vcxproj", "{D73023C9-FB88-4C2F-AE28-A2186E973B77}"
EndProject
Global
	GlobalSection(SolutionConfigurationPlatforms) = preSolution
		Debug|Win32 = Debug|Win32
		Release|Win32 = Release|Win32
	EndGlobalSection
	GlobalSection(ProjectConfigurationPlatforms) = postSolution
		{D73023C9-FB88-4C2F-AE28-A2186E973B77}.Debug|Win32.ActiveCfg = Debug|Win32
		{D73023C9-FB88-4C2F-AE28-A2186E973B77}.Debug|Win32.Build.0 = Debug|Win32
		{D73023C9-FB88-4C2F-AE28-A2186E973B77}.Release|Win32.ActiveCfg = Release|Win32
		{D73023C9-FB88-4C2F-AE28-A2186E973B77}.Release|Win32.Build.0 = Release|Win32
	EndGlobalSection
	GlobalSection(SolutionProperties) = preSolution
		HideSolutionNode = FALSE
	EndGlobalSection
EndGlobal
